
Microsoft Visual Studio Solution File, Format Version 12.00
# Visual Studio Version 17
VisualStudioVersion = 17.5.002.0
MinimumVisualStudioVersion = 10.0.40219.1
Project("{9A19103F-16F7-4668-BE54-9A1E7A4F7556}") = "MeetingApp", "MeetingApp.csproj", "{837AB7CE-7184-4D13-9435-126CAF8DE416}"
EndProject
Global
	GlobalSection(SolutionConfigurationPlatforms) = preSolution
		Debug|Any CPU = Debug|Any CPU
		Release|Any CPU = Release|Any CPU
	EndGlobalSection
	GlobalSection(ProjectConfigurationPlatforms) = postSolution
		{837AB7CE-7184-4D13-9435-126CAF8DE416}.Debug|Any CPU.ActiveCfg = Debug|Any CPU
		{837AB7CE-7184-4D13-9435-126CAF8DE416}.Debug|Any CPU.Build.0 = Debug|Any CPU
		{837AB7CE-7184-4D13-9435-126CAF8DE416}.Release|Any CPU.ActiveCfg = Release|Any CPU
		{837AB7CE-7184-4D13-9435-126CAF8DE416}.Release|Any CPU.Build.0 = Release|Any CPU
	EndGlobalSection
	GlobalSection(SolutionProperties) = preSolution
		HideSolutionNode = FALSE
	EndGlobalSection
	GlobalSection(ExtensibilityGlobals) = postSolution
		SolutionGuid = {18D71EF5-0036-4661-B50F-C7C3817E2B4B}
	EndGlobalSection
EndGlobal
